Microsoft Visual Studio Solution File, Format Version 12.00
# Visual Studio Version 17
VisualStudioVersion = 17.5.2.0
MinimumVisualStudioVersion = 10.0.40219.1
Project("{FAE04EC0-301F-11D3-BF4B-00C04F79EFBC}") = "TeachNote-Backend", "TeachNote-Backend.csproj", "{A6F55EDB-C45E-E795-ADB1-D659F50ED24E}"
EndProject
Global
	GlobalSection(SolutionConfigurationPlatforms) = preSolution
		Debug|Any CPU = Debug|Any CPU
		Release|Any CPU = Release|Any CPU
	EndGlobalSection
	GlobalSection(ProjectConfigurationPlatforms) = postSolution
		{A6F55EDB-C45E-E795-ADB1-D659F50ED24E}.Debug|Any CPU.ActiveCfg = Debug|Any CPU
		{A6F55EDB-C45E-E795-ADB1-D659F50ED24E}.Debug|Any CPU.Build.0 = Debug|Any CPU
		{A6F55EDB-C45E-E795-ADB1-D659F50ED24E}.Release|Any CPU.ActiveCfg = Release|Any CPU
		{A6F55EDB-C45E-E795-ADB1-D659F50ED24E}.Release|Any CPU.Build.0 = Release|Any CPU
	EndGlobalSection
	GlobalSection(SolutionProperties) = preSolution
		HideSolutionNode = FALSE
	EndGlobalSection
	GlobalSection(ExtensibilityGlobals) = postSolution
		SolutionGuid = {0E146A2E-FB34-44F9-B7FB-DC516DBBDC1E}
	EndGlobalSection
EndGlobal
